
Microsoft Visual Studio Solution File, Format Version 12.00
# Visual Studio 15
Project("{FAE04EC0-301F-11D3-BF4B-00C04F79EFBC}") = "Assembly-CSharp-Editor", "Assembly-CSharp-Editor.csproj", "{8E3F0988-6334-A0F9-8138-BFF53997E278}"
EndProject
Project("{FAE04EC0-301F-11D3-BF4B-00C04F79EFBC}") = "Assembly-CSharp", "Assembly-CSharp.csproj", "{D97CFB53-67FA-FA9D-AF1E-13B31EC4E262}"
EndProject
Global
	GlobalSection(SolutionConfigurationPlatforms) = preSolution
		Debug|Any CPU = Debug|Any CPU
		Release|Any CPU = Release|Any CPU
	EndGlobalSection
	GlobalSection(ProjectConfigurationPlatforms) = postSolution
		{8E3F0988-6334-A0F9-8138-BFF53997E278}.Debug|Any CPU.ActiveCfg = Debug|Any CPU
		{8E3F0988-6334-A0F9-8138-BFF53997E278}.Debug|Any CPU.Build.0 = Debug|Any CPU
		{8E3F0988-6334-A0F9-8138-BFF53997E278}.Release|Any CPU.ActiveCfg = Release|Any CPU
		{8E3F0988-6334-A0F9-8138-BFF53997E278}.Release|Any CPU.Build.0 = Release|Any CPU
		{D97CFB53-67FA-FA9D-AF1E-13B31EC4E262}.Debug|Any CPU.ActiveCfg = Debug|Any CPU
		{D97CFB53-67FA-FA9D-AF1E-13B31EC4E262}.Debug|Any CPU.Build.0 = Debug|Any CPU
		{D97CFB53-67FA-FA9D-AF1E-13B31EC4E262}.Release|Any CPU.ActiveCfg = Release|Any CPU
		{D97CFB53-67FA-FA9D-AF1E-13B31EC4E262}.Release|Any CPU.Build.0 = Release|Any CPU
	EndGlobalSection
	GlobalSection(SolutionProperties) = preSolution
		HideSolutionNode = FALSE
	EndGlobalSection
EndGlobal
